
Microsoft Visual Studio Solution File, Format Version 12.00
# Visual Studio Version 16
VisualStudioVersion = 16.0.29418.71
MinimumVisualStudioVersion = 10.0.40219.1
Project("{FAE04EC0-301F-11D3-BF4B-00C04F79EFBC}") = "Deploy.Web", "Deploy.Web\Deploy.Web.csproj", "{8DEB5F0B-1927-4B49-AA53-02753B70AE52}"
EndProject
Global
	GlobalSection(SolutionConfigurationPlatforms) = preSolution
		Debug|Any CPU = Debug|Any CPU
		Release|Any CPU = Release|Any CPU
	EndGlobalSection
	GlobalSection(ProjectConfigurationPlatforms) = postSolution
		{8DEB5F0B-1927-4B49-AA53-02753B70AE52}.Debug|Any CPU.ActiveCfg = Debug|Any CPU
		{8DEB5F0B-1927-4B49-AA53-02753B70AE52}.Debug|Any CPU.Build.0 = Debug|Any CPU
		{8DEB5F0B-1927-4B49-AA53-02753B70AE52}.Release|Any CPU.ActiveCfg = Release|Any CPU
		{8DEB5F0B-1927-4B49-AA53-02753B70AE52}.Release|Any CPU.Build.0 = Release|Any CPU
	EndGlobalSection
	GlobalSection(SolutionProperties) = preSolution
		HideSolutionNode = FALSE
	EndGlobalSection
	GlobalSection(ExtensibilityGlobals) = postSolution
		SolutionGuid = {7EE59D4B-0BFF-4B56-B49F-23266CA52F0E}
	EndGlobalSection
EndGlobal
